Microsoft Visual Studio Solution File, Format Version 12.00
# Visual Studio Version 17
VisualStudioVersion = 17.1.32228.430
MinimumVisualStudioVersion = 10.0.40219.1
Project("{F184B08F-C81C-45F6-A57F-5ABD9991F28F}") = "XtraPivotGrid_ADOMD", "XtraPivotGrid_ADOMD\XtraPivotGrid_ADOMD.vbproj", "{A76FED82-F172-49E8-A597-5CBF6010836D}"
EndProject
Global
	GlobalSection(SolutionConfigurationPlatforms) = preSolution
		Debug|Any CPU = Debug|Any CPU
		Release|Any CPU = Release|Any CPU
	EndGlobalSection
	GlobalSection(ProjectConfigurationPlatforms) = postSolution
		{A76FED82-F172-49E8-A597-5CBF6010836D}.Debug|Any CPU.ActiveCfg = Debug|Any CPU
		{A76FED82-F172-49E8-A597-5CBF6010836D}.Debug|Any CPU.Build.0 = Debug|Any CPU
		{A76FED82-F172-49E8-A597-5CBF6010836D}.Release|Any CPU.ActiveCfg = Release|Any CPU
		{A76FED82-F172-49E8-A597-5CBF6010836D}.Release|Any CPU.Build.0 = Release|Any CPU
	EndGlobalSection
	GlobalSection(SolutionProperties) = preSolution
		HideSolutionNode = FALSE
	EndGlobalSection
	GlobalSection(ExtensibilityGlobals) = postSolution
		SolutionGuid = {8E3419C7-AF4B-450B-957A-9C04A78BCAD7}
	EndGlobalSection
EndGlobal
